
Microsoft Visual Studio Solution File, Format Version 12.00
# Visual Studio Version 17
VisualStudioVersion = 17.8.34322.80
MinimumVisualStudioVersion = 10.0.40219.1
Project("{FAE04EC0-301F-11D3-BF4B-00C04F79EFBC}") = "MyContacts.am", "MyContacts.am\MyContacts.am.csproj", "{65A0A732-7488-4B1C-A6DF-7F5FEC1D7257}"
EndProject
Global
	GlobalSection(SolutionConfigurationPlatforms) = preSolution
		Debug|Any CPU = Debug|Any CPU
		Release|Any CPU = Release|Any CPU
	EndGlobalSection
	GlobalSection(ProjectConfigurationPlatforms) = postSolution
		{65A0A732-7488-4B1C-A6DF-7F5FEC1D7257}.Debug|Any CPU.ActiveCfg = Debug|Any CPU
		{65A0A732-7488-4B1C-A6DF-7F5FEC1D7257}.Debug|Any CPU.Build.0 = Debug|Any CPU
		{65A0A732-7488-4B1C-A6DF-7F5FEC1D7257}.Release|Any CPU.ActiveCfg = Release|Any CPU
		{65A0A732-7488-4B1C-A6DF-7F5FEC1D7257}.Release|Any CPU.Build.0 = Release|Any CPU
	EndGlobalSection
	GlobalSection(SolutionProperties) = preSolution
		HideSolutionNode = FALSE
	EndGlobalSection
	GlobalSection(ExtensibilityGlobals) = postSolution
		SolutionGuid = {2412CE22-82DE-47D7-BB6C-B3F3D8D3C005}
	EndGlobalSection
EndGlobal
